{
  "object": {
    "pins": [
      {
        "package": "Rainbow",
        "repositoryURL": "https://github.com/onevcat/Rainbow",
        "state": {
          "branch": null,
          "revision": "9c52c1952e9b2305d4507cf473392ac2d7c9b155",
          "version": "3.1.5"
        }
      },
      {
        "package": "SwiftSyntax",
        "repositoryURL": "https://github.com/apple/swift-syntax.git",
        "state": {
          "branch": null,
          "revision": "3e3eb191fcdbecc6031522660c4ed6ce25282c25",
          "version": "0.50100.0"
        }
      }
    ]
  },
  "version": 1
}
